// !$*UTF8*$!
{
	archiveVersion = 1;
	classes = {
	};
	objectVersion = 50;
	objects = {

/* Begin PBXBuildFile section */
		9587DE3E241B92E100A854C4 /* AppDelegate.swift in Sources */ = {isa = PBXBuildFile; fileRef = 9587DE3D241B92E100A854C4 /* AppDelegate.swift */; };
		9587DE40241B92E100A854C4 /* SceneDelegate.swift in Sources */ = {isa = PBXBuildFile; fileRef = 9587DE3F241B92E100A854C4 /* SceneDelegate.swift */; };
		9587DE42241B92E100A854C4 /* ViewController.swift in Sources */ = {isa = PBXBuildFile; fileRef = 9587DE41241B92E100A854C4 /* ViewController.swift */; };
		9587DE45241B92E100A854C4 /* Main.storyboard in Resources */ = {isa = PBXBuildFile; fileRef = 9587DE43241B92E100A854C4 /* Main.storyboard */; };
		9587DE47241B92E100A854C4 /* Assets.xcassets in Resources */ = {isa = PBXBuildFile; fileRef = 9587DE46241B92E100A854C4 /* Assets.xcassets */; };
		9587DE4A241B92E100A854C4 /* LaunchScreen.storyboard in Resources */ = {isa = PBXBuildFile; fileRef = 9587DE48241B92E100A854C4 /* LaunchScreen.storyboard */; };
		9587DE52241B95C400A854C4 /* TableViewCellTextOnly.swift in Sources */ = {isa = PBXBuildFile; fileRef = 9587DE51241B95C400A854C4 /* TableViewCellTextOnly.swift */; };
		9587DE55241B970B00A854C4 /* Story.swift in Sources */ = {isa = PBXBuildFile; fileRef = 9587DE54241B970B00A854C4 /* Story.swift */; };
		9587DE57241B9F9C00A854C4 /* TableViewCellTextAndImage.swift in Sources */ = {isa = PBXBuildFile; fileRef = 9587DE56241B9F9C00A854C4 /* TableViewCellTextAndImage.swift */; };
/* End PBXBuildFile section */

/* Begin PBXFileReference section */
		9587DE3A241B92E100A854C4 /* CustomCell.app */ = {isa = PBXFileReference; explicitFileType = wrapper.application; includeInIndex = 0; path = CustomCell.app; sourceTree = BUILT_PRODUCTS_DIR; };
		9587DE3D241B92E100A854C4 /* AppDelegate.swift */ = {isa = PBXFileReference; lastKnownFileType = sourcecode.swift; path = AppDelegate.swift; sourceTree = "<group>"; };
		9587DE3F241B92E100A854C4 /* SceneDelegate.swift */ = {isa = PBXFileReference; lastKnownFileType = sourcecode.swift; path = SceneDelegate.swift; sourceTree = "<group>"; };
		9587DE41241B92E100A854C4 /* ViewController.swift */ = {isa = PBXFileReference; lastKnownFileType = sourcecode.swift; path = ViewController.swift; sourceTree = "<group>"; };
		9587DE44241B92E100A854C4 /* Base */ = {isa = PBXFileReference; lastKnownFileType = file.storyboard; name = Base; path = Base.lproj/Main.storyboard; sourceTree = "<group>"; };
		9587DE46241B92E100A854C4 /* Assets.xcassets */ = {isa = PBXFileReference; lastKnownFileType = folder.assetcatalog; path = Assets.xcassets; sourceTree = "<group>"; };
		9587DE49241B92E100A854C4 /* Base */ = {isa = PBXFileReference; lastKnownFileType = file.storyboard; name = Base; path = Base.lproj/LaunchScreen.storyboard; sourceTree = "<group>"; };
		9587DE4B241B92E100A854C4 /* Info.plist */ = {isa = PBXFileReference; lastKnownFileType = text.plist.xml; path = Info.plist; sourceTree = "<group>"; };
		9587DE51241B95C400A854C4 /* TableViewCellTextOnly.swift */ = {isa = PBXFileReference; lastKnownFileType = sourcecode.swift; path = TableViewCellTextOnly.swift; sourceTree = "<group>"; };
		9587DE54241B970B00A854C4 /* Story.swift */ = {isa = PBXFileReference; lastKnownFileType = sourcecode.swift; path = Story.swift; sourceTree = "<group>"; };
		9587DE56241B9F9C00A854C4 /* TableViewCellTextAndImage.swift */ = {isa = PBXFileReference; lastKnownFileType = sourcecode.swift; path = TableViewCellTextAndImage.swift; sourceTree = "<group>"; };
/* End PBXFileReference section */

/* Begin PBXFrameworksBuildPhase section */
		9587DE37241B92E100A854C4 /* Frameworks */ = {
			isa = PBXFrameworksBuildPhase;
			buildActionMask = 2147483647;
			files = (
			);
			runOnlyForDeploymentPostprocessing = 0;
		};
/* End PBXFrameworksBuildPhase section */

/* Begin PBXGroup section */
		9587DE31241B92E100A854C4 = {
			isa = PBXGroup;
			children = (
				9587DE3C241B92E100A854C4 /* CustomCell */,
				9587DE3B241B92E100A854C4 /* Products */,
			);
			sourceTree = "<group>";
		};
		9587DE3B241B92E100A854C4 /* Products */ = {
			isa = PBXGroup;
			children = (
				9587DE3A241B92E100A854C4 /* CustomCell.app */,
			);
			name = Products;
			sourceTree = "<group>";
		};
		9587DE3C241B92E100A854C4 /* CustomCell */ = {
			isa = PBXGroup;
			children = (
				9587DE53241B96DC00A854C4 /* model */,
				9587DE3D241B92E100A854C4 /* AppDelegate.swift */,
				9587DE3F241B92E100A854C4 /* SceneDelegate.swift */,
				9587DE41241B92E100A854C4 /* ViewController.swift */,
				9587DE51241B95C400A854C4 /* TableViewCellTextOnly.swift */,
				9587DE56241B9F9C00A854C4 /* TableViewCellTextAndImage.swift */,
				9587DE43241B92E100A854C4 /* Main.storyboard */,
				9587DE46241B92E100A854C4 /* Assets.xcassets */,
				9587DE48241B92E100A854C4 /* LaunchScreen.storyboard */,
				9587DE4B241B92E100A854C4 /* Info.plist */,
			);
			path = CustomCell;
			sourceTree = "<group>";
		};
		9587DE53241B96DC00A854C4 /* model */ = {
			isa = PBXGroup;
			children = (
				9587DE54241B970B00A854C4 /* Story.swift */,
			);
			path = model;
			sourceTree = "<group>";
		};
/* End PBXGroup section */

/* Begin PBXNativeTarget section */
		9587DE39241B92E100A854C4 /* CustomCell */ = {
			isa = PBXNativeTarget;
			buildConfigurationList = 9587DE4E241B92E100A854C4 /* Build configuration list for PBXNativeTarget "CustomCell" */;
			buildPhases = (
				9587DE36241B92E100A854C4 /* Sources */,
				9587DE37241B92E100A854C4 /* Frameworks */,
				9587DE38241B92E100A854C4 /* Resources */,
			);
			buildRules = (
			);
			dependencies = (
			);
			name = CustomCell;
			productName = CustomCell;
			productReference = 9587DE3A241B92E100A854C4 /* CustomCell.app */;
			productType = "com.apple.product-type.application";
		};
/* End PBXNativeTarget section */

/* Begin PBXProject section */
		9587DE32241B92E100A854C4 /* Project object */ = {
			isa = PBXProject;
			attributes = {
				LastSwiftUpdateCheck = 1130;
				LastUpgradeCheck = 1130;
				ORGANIZATIONNAME = "Ali Al sharefi";
				TargetAttributes = {
					9587DE39241B92E100A854C4 = {
						CreatedOnToolsVersion = 11.3.1;
					};
				};
			};
			buildConfigurationList = 9587DE35241B92E100A854C4 /* Build configuration list for PBXProject "CustomCell" */;
			compatibilityVersion = "Xcode 9.3";
			developmentRegion = en;
			hasScannedForEncodings = 0;
			knownRegions = (
				en,
				Base,
			);
			mainGroup = 9587DE31241B92E100A854C4;
			productRefGroup = 9587DE3B241B92E100A854C4 /* Products */;
			projectDirPath = "";
			projectRoot = "";
			targets = (
				9587DE39241B92E100A854C4 /* CustomCell */,
			);
		};
/* End PBXProject section */

/* Begin PBXResourcesBuildPhase section */
		9587DE38241B92E100A854C4 /* Resources */ = {
			isa = PBXResourcesBuildPhase;
			buildActionMask = 2147483647;
			files = (
				9587DE4A241B92E100A854C4 /* LaunchScreen.storyboard in Resources */,
				9587DE47241B92E100A854C4 /* Assets.xcassets in Resources */,
				9587DE45241B92E100A854C4 /* Main.storyboard in Resources */,
			);
			runOnlyForDeploymentPostprocessing = 0;
		};
/* End PBXResourcesBuildPhase section */

/* Begin PBXSourcesBuildPhase section */
		9587DE36241B92E100A854C4 /* Sources */ = {
			isa = PBXSourcesBuildPhase;
			buildActionMask = 2147483647;
			files = (
				9587DE52241B95C400A854C4 /* TableViewCellTextOnly.swift in Sources */,
				9587DE42241B92E100A854C4 /* ViewController.swift in Sources */,
				9587DE3E241B92E100A854C4 /* AppDelegate.swift in Sources */,
				9587DE40241B92E100A854C4 /* SceneDelegate.swift in Sources */,
				9587DE57241B9F9C00A854C4 /* TableViewCellTextAndImage.swift in Sources */,
				9587DE55241B970B00A854C4 /* Story.swift in Sources */,
			);
			runOnlyForDeploymentPostprocessing = 0;
		};
/* End PBXSourcesBuildPhase section */

/* Begin PBXVariantGroup section */
		9587DE43241B92E100A854C4 /* Main.storyboard */ = {
			isa = PBXVariantGroup;
			children = (
				9587DE44241B92E100A854C4 /* Base */,
			);
			name = Main.storyboard;
			sourceTree = "<group>";
		};
		9587DE48241B92E100A854C4 /* LaunchScreen.storyboard */ = {
			isa = PBXVariantGroup;
			children = (
				9587DE49241B92E100A854C4 /* Base */,
			);
			name = LaunchScreen.storyboard;
			sourceTree = "<group>";
		};
/* End PBXVariantGroup section */

/* Begin XCBuildConfiguration section */
		9587DE4C241B92E100A854C4 /* Debug */ = {
			isa = XCBuildConfiguration;
			buildSettings = {
				ALWAYS_SEARCH_USER_PATHS = NO;
				CLANG_ANALYZER_NONNULL = YES;
				CLANG_ANALYZER_NUMBER_OBJECT_CONVERSION = YES_AGGRESSIVE;
				CLANG_CXX_LANGUAGE_STANDARD = "gnu++14";
				CLANG_CXX_LIBRARY = "libc++";
				CLANG_ENABLE_MODULES = YES;
				CLANG_ENABLE_OBJC_ARC = YES;
				CLANG_ENABLE_OBJC_WEAK = YES;
				CLANG_WARN_BLOCK_CAPTURE_AUTORELEASING = YES;
				CLANG_WARN_BOOL_CONVERSION = YES;
				CLANG_WARN_COMMA = YES;
				CLANG_WARN_CONSTANT_CONVERSION = YES;
				CLANG_WARN_DEPRECATED_OBJC_IMPLEMENTATIONS = YES;
				CLANG_WARN_DIRECT_OBJC_ISA_USAGE = YES_ERROR;
				CLANG_WARN_DOCUMENTATION_COMMENTS = YES;
				CLANG_WARN_EMPTY_BODY = YES;
				CLANG_WARN_ENUM_CONVERSION = YES;
				CLANG_WARN_INFINITE_RECURSION = YES;
				CLANG_WARN_INT_CONVERSION = YES;
				CLANG_WARN_NON_LITERAL_NULL_CONVERSION = YES;
				CLANG_WARN_OBJC_IMPLICIT_RETAIN_SELF = YES;
				CLANG_WARN_OBJC_LITERAL_CONVERSION = YES;
				CLANG_WARN_OBJC_ROOT_CLASS = YES_ERROR;
				CLANG_WARN_RANGE_LOOP_ANALYSIS = YES;
				CLANG_WARN_STRICT_PROTOTYPES = YES;
				CLANG_WARN_SUSPICIOUS_MOVE = YES;
				CLANG_WARN_UNGUARDED_AVAILABILITY = YES_AGGRESSIVE;
				CLANG_WARN_UNREACHABLE_CODE = YES;
				CLANG_WARN__DUPLICATE_METHOD_MATCH = YES;
				COPY_PHASE_STRIP = NO;
				DEBUG_INFORMATION_FORMAT = dwarf;
				ENABLE_STRICT_OBJC_MSGSEND = YES;
				ENABLE_TESTABILITY = YES;
				GCC_C_LANGUAGE_STANDARD = gnu11;
				GCC_DYNAMIC_NO_PIC = NO;
				GCC_NO_COMMON_BLOCKS = YES;
				GCC_OPTIMIZATION_LEVEL = 0;
				GCC_PREPROCESSOR_DEFINITIONS = (
					"DEBUG=1",
					"$(inherited)",
				);
				GCC_WARN_64_TO_32_BIT_CONVERSION = YES;
				GCC_WARN_ABOUT_RETURN_TYPE = YES_ERROR;
				GCC_WARN_UNDECLARED_SELECTOR = YES;
				GCC_WARN_UNINITIALIZED_AUTOS = YES_AGGRESSIVE;
				GCC_WARN_UNUSED_FUNCTION = YES;
				GCC_WARN_UNUSED_VARIABLE = YES;
				IPHONEOS_DEPLOYMENT_TARGET = 13.2;
				MTL_ENABLE_DEBUG_INFO = INCLUDE_SOURCE;
				MTL_FAST_MATH = YES;
				ONLY_ACTIVE_ARCH = YES;
				SDKROOT = iphoneos;
				SWIFT_ACTIVE_COMPILATION_CONDITIONS = DEBUG;
				SWIFT_OPTIMIZATION_LEVEL = "-Onone";
			};
			name = Debug;
		};
		9587DE4D241B92E100A854C4 /* Release */ = {
			isa = XCBuildConfiguration;
			buildSettings = {
				ALWAYS_SEARCH_USER_PATHS = NO;
				CLANG_ANALYZER_NONNULL = YES;
				CLANG_ANALYZER_NUMBER_OBJECT_CONVERSION = YES_AGGRESSIVE;
				CLANG_CXX_LANGUAGE_STANDARD = "gnu++14";
				CLANG_CXX_LIBRARY = "libc++";
				CLANG_ENABLE_MODULES = YES;
				CLANG_ENABLE_OBJC_ARC = YES;
				CLANG_ENABLE_OBJC_WEAK = YES;
				CLANG_WARN_BLOCK_CAPTURE_AUTORELEASING = YES;
				CLANG_WARN_BOOL_CONVERSION = YES;
				CLANG_WARN_COMMA = YES;
				CLANG_WARN_CONSTANT_CONVERSION = YES;
				CLANG_WARN_DEPRECATED_OBJC_IMPLEMENTATIONS = YES;
				CLANG_WARN_DIRECT_OBJC_ISA_USAGE = YES_ERROR;
				CLANG_WARN_DOCUMENTATION_COMMENTS = YES;
				CLANG_WARN_EMPTY_BODY = YES;
				CLANG_WARN_ENUM_CONVERSION = YES;
				CLANG_WARN_INFINITE_RECURSION = YES;
				CLANG_WARN_INT_CONVERSION = YES;
				CLANG_WARN_NON_LITERAL_NULL_CONVERSION = YES;
				CLANG_WARN_OBJC_IMPLICIT_RETAIN_SELF = YES;
				CLANG_WARN_OBJC_LITERAL_CONVERSION = YES;
				CLANG_WARN_OBJC_ROOT_CLASS = YES_ERROR;
				CLANG_WARN_RANGE_LOOP_ANALYSIS = YES;
				CLANG_WARN_STRICT_PROTOTYPES = YES;
				CLANG_WARN_SUSPICIOUS_MOVE = YES;
				CLANG_WARN_UNGUARDED_AVAILABILITY = YES_AGGRESSIVE;
				CLANG_WARN_UNREACHABLE_CODE = YES;
				CLANG_WARN__DUPLICATE_METHOD_MATCH = YES;
				COPY_PHASE_STRIP = NO;
				DEBUG_INFORMATION_FORMAT = "dwarf-with-dsym";
				ENABLE_NS_ASSERTIONS = NO;
				ENABLE_STRICT_OBJC_MSGSEND = YES;
				GCC_C_LANGUAGE_STANDARD = gnu11;
				GCC_NO_COMMON_BLOCKS = YES;
				GCC_WARN_64_TO_32_BIT_CONVERSION = YES;
				GCC_WARN_ABOUT_RETURN_TYPE = YES_ERROR;
				GCC_WARN_UNDECLARED_SELECTOR = YES;
				GCC_WARN_UNINITIALIZED_AUTOS = YES_AGGRESSIVE;
				GCC_WARN_UNUSED_FUNCTION = YES;
				GCC_WARN_UNUSED_VARIABLE = YES;
				IPHONEOS_DEPLOYMENT_TARGET = 13.2;
				MTL_ENABLE_DEBUG_INFO = NO;
				MTL_FAST_MATH = YES;
				SDKROOT = iphoneos;
				SWIFT_COMPILATION_MODE = wholemodule;
				SWIFT_OPTIMIZATION_LEVEL = "-O";
				VALIDATE_PRODUCT = YES;
			};
			name = Release;
		};
		9587DE4F241B92E100A854C4 /* Debug */ = {
			isa = XCBuildConfiguration;
			buildSettings = {
				ASSETCATALOG_COMPILER_APPICON_NAME = AppIcon;
				CODE_SIGN_STYLE = Automatic;
				DEVELOPMENT_TEAM = 4WUQJE347W;
				INFOPLIST_FILE = CustomCell/Info.plist;
				LD_RUNPATH_SEARCH_PATHS = (
					"$(inherited)",
					"@executable_path/Frameworks",
				);
				PRODUCT_BUNDLE_IDENTIFIER = aas.CustomCell;
				PRODUCT_NAME = "$(TARGET_NAME)";
				SWIFT_VERSION = 5.0;
				TARGETED_DEVICE_FAMILY = "1,2";
			};
			name = Debug;
		};
		9587DE50241B92E100A854C4 /* Release */ = {
			isa = XCBuildConfiguration;
			buildSettings = {
				ASSETCATALOG_COMPILER_APPICON_NAME = AppIcon;
				CODE_SIGN_STYLE = Automatic;
				DEVELOPMENT_TEAM = 4WUQJE347W;
				INFOPLIST_FILE = CustomCell/Info.plist;
				LD_RUNPATH_SEARCH_PATHS = (
					"$(inherited)",
					"@executable_path/Frameworks",
				);
				PRODUCT_BUNDLE_IDENTIFIER = aas.CustomCell;
				PRODUCT_NAME = "$(TARGET_NAME)";
				SWIFT_VERSION = 5.0;
				TARGETED_DEVICE_FAMILY = "1,2";
			};
			name = Release;
		};
/* End XCBuildConfiguration section */

/* Begin XCConfigurationList section */
		9587DE35241B92E100A854C4 /* Build configuration list for PBXProject "CustomCell" */ = {
			isa = XCConfigurationList;
			buildConfigurations = (
				9587DE4C241B92E100A854C4 /* Debug */,
				9587DE4D241B92E100A854C4 /* Release */,
			);
			defaultConfigurationIsVisible = 0;
			defaultConfigurationName = Release;
		};
		9587DE4E241B92E100A854C4 /* Build configuration list for PBXNativeTarget "CustomCell" */ = {
			isa = XCConfigurationList;
			buildConfigurations = (
				9587DE4F241B92E100A854C4 /* Debug */,
				9587DE50241B92E100A854C4 /* Release */,
			);
			defaultConfigurationIsVisible = 0;
			defaultConfigurationName = Release;
		};
/* End XCConfigurationList section */
	};
	rootObject = 9587DE32241B92E100A854C4 /* Project object */;
}
